
Microsoft Visual Studio Solution File, Format Version 12.00
# Visual Studio Version 16
VisualStudioVersion = 16.0.31129.286
MinimumVisualStudioVersion = 10.0.40219.1
Project("{FAE04EC0-301F-11D3-BF4B-00C04F79EFBC}") = "Sunrise2.0", "Sunrise2.0\Sunrise2.0.csproj", "{AED4C4C6-2787-48EC-B3E6-D803770B0BC2}"
EndProject
Global
	GlobalSection(SolutionConfigurationPlatforms) = preSolution
		Debug|Any CPU = Debug|Any CPU
		Release|Any CPU = Release|Any CPU
	EndGlobalSection
	GlobalSection(ProjectConfigurationPlatforms) = postSolution
		{AED4C4C6-2787-48EC-B3E6-D803770B0BC2}.Debug|Any CPU.ActiveCfg = Debug|Any CPU
		{AED4C4C6-2787-48EC-B3E6-D803770B0BC2}.Debug|Any CPU.Build.0 = Debug|Any CPU
		{AED4C4C6-2787-48EC-B3E6-D803770B0BC2}.Release|Any CPU.ActiveCfg = Release|Any CPU
		{AED4C4C6-2787-48EC-B3E6-D803770B0BC2}.Release|Any CPU.Build.0 = Release|Any CPU
	EndGlobalSection
	GlobalSection(SolutionProperties) = preSolution
		HideSolutionNode = FALSE
	EndGlobalSection
	GlobalSection(ExtensibilityGlobals) = postSolution
		SolutionGuid = {68CB59CA-087F-48DC-84BF-2A55546AA66D}
	EndGlobalSection
EndGlobal
